// !$*UTF8*$!
{
	archiveVersion = 1;
	classes = {
	};
	objectVersion = 46;
	objects = {

/* Begin PBXBuildFile section */
		C7934AAB1A9DB19C00201915 /* main.m in Sources */ = {isa = PBXBuildFile; fileRef = C7934AAA1A9DB19C00201915 /* main.m */; };
		C7934AAE1A9DB19C00201915 /* AppDelegate.m in Sources */ = {isa = PBXBuildFile; fileRef = C7934AAD1A9DB19C00201915 /* AppDelegate.m */; };
		C7934AB11A9DB19C00201915 /* ViewController.m in Sources */ = {isa = PBXBuildFile; fileRef = C7934AB01A9DB19C00201915 /* ViewController.m */; };
		C7934AB41A9DB19C00201915 /* Main.storyboard in Resources */ = {isa = PBXBuildFile; fileRef = C7934AB21A9DB19C00201915 /* Main.storyboard */; };
		C7934AB61A9DB19C00201915 /* Images.xcassets in Resources */ = {isa = PBXBuildFile; fileRef = C7934AB51A9DB19C00201915 /* Images.xcassets */; };
		C7934AB91A9DB19C00201915 /* LaunchScreen.xib in Resources */ = {isa = PBXBuildFile; fileRef = C7934AB71A9DB19C00201915 /* LaunchScreen.xib */; };
		C7934AC51A9DB19D00201915 /* SamplerTest2Tests.m in Sources */ = {isa = PBXBuildFile; fileRef = C7934AC41A9DB19D00201915 /* SamplerTest2Tests.m */; };
		C7934AD01A9DB20900201915 /* PlayViewController.m in Sources */ = {isa = PBXBuildFile; fileRef = C7934ACF1A9DB20900201915 /* PlayViewController.m */; };
		C7934AD31A9DB22500201915 /* EditViewController.m in Sources */ = {isa = PBXBuildFile; fileRef = C7934AD21A9DB22500201915 /* EditViewController.m */; };
		C7934AD61A9DB23500201915 /* RecViewController.m in Sources */ = {isa = PBXBuildFile; fileRef = C7934AD51A9DB23500201915 /* RecViewController.m */; };
		C7934AD81A9DB2CF00201915 /* samplerButton.png in Resources */ = {isa = PBXBuildFile; fileRef = C7934AD71A9DB2CF00201915 /* samplerButton.png */; };
		C7934ADD1A9DB2F200201915 /* BJRangeSlider.bundle in Resources */ = {isa = PBXBuildFile; fileRef = C7934ADA1A9DB2F200201915 /* BJRangeSlider.bundle */; };
		C7934ADE1A9DB2F200201915 /* BJRangeSliderWithProgress.m in Sources */ = {isa = PBXBuildFile; fileRef = C7934ADC1A9DB2F200201915 /* BJRangeSliderWithProgress.m */; };
		C7934AE31A9EE2FA00201915 /* RecStartButton.png in Resources */ = {isa = PBXBuildFile; fileRef = C7934AE11A9EE2FA00201915 /* RecStartButton.png */; };
		C7934AE41A9EE2FA00201915 /* RecStopButton.png in Resources */ = {isa = PBXBuildFile; fileRef = C7934AE21A9EE2FA00201915 /* RecStopButton.png */; };
		C7934B0B1AA0540500201915 /* CDRTranslucentSideBar.m in Sources */ = {isa = PBXBuildFile; fileRef = C7934B061AA0540500201915 /* CDRTranslucentSideBar.m */; };
		C7934B0C1AA0540500201915 /* background1.jpg in Resources */ = {isa = PBXBuildFile; fileRef = C7934B081AA0540500201915 /* background1.jpg */; };
		C7934B0D1AA0540500201915 /* burger.png in Resources */ = {isa = PBXBuildFile; fileRef = C7934B091AA0540500201915 /* burger.png */; };
		C7934B0E1AA0540500201915 /* burger@2x.png in Resources */ = {isa = PBXBuildFile; fileRef = C7934B0A1AA0540500201915 /* burger@2x.png */; };
		C7934B401AA12BD100201915 /* PlayButton.png in Resources */ = {isa = PBXBuildFile; fileRef = C7934B3F1AA12BD100201915 /* PlayButton.png */; };
		C7934B711AA39B5B00201915 /* TableRecViewController.m in Sources */ = {isa = PBXBuildFile; fileRef = C7934B701AA39B5B00201915 /* TableRecViewController.m */; };
/* End PBXBuildFile section */

/* Begin PBXContainerItemProxy section */
		C7934ABF1A9DB19D00201915 /* PBXContainerItemProxy */ = {
			isa = PBXContainerItemProxy;
			containerPortal = C7934A9D1A9DB19C00201915 /* Project object */;
			proxyType = 1;
			remoteGlobalIDString = C7934AA41A9DB19C00201915;
			remoteInfo = SamplerTest2;
		};
/* End PBXContainerItemProxy section */

/* Begin PBXFileReference section */
		C7934AA51A9DB19C00201915 /* SamplerTest2.app */ = {isa = PBXFileReference; explicitFileType = wrapper.application; includeInIndex = 0; path = SamplerTest2.app; sourceTree = BUILT_PRODUCTS_DIR; };
		C7934AA91A9DB19C00201915 /* Info.plist */ = {isa = PBXFileReference; lastKnownFileType = text.plist.xml; path = Info.plist; sourceTree = "<group>"; };
		C7934AAA1A9DB19C00201915 /* main.m */ = {isa = PBXFileReference; lastKnownFileType = sourcecode.c.objc; path = main.m; sourceTree = "<group>"; };
		C7934AAC1A9DB19C00201915 /* AppDelegate.h */ = {isa = PBXFileReference; lastKnownFileType = sourcecode.c.h; path = AppDelegate.h; sourceTree = "<group>"; };
		C7934AAD1A9DB19C00201915 /* AppDelegate.m */ = {isa = PBXFileReference; lastKnownFileType = sourcecode.c.objc; path = AppDelegate.m; sourceTree = "<group>"; };
		C7934AAF1A9DB19C00201915 /* ViewController.h */ = {isa = PBXFileReference; lastKnownFileType = sourcecode.c.h; path = ViewController.h; sourceTree = "<group>"; };
		C7934AB01A9DB19C00201915 /* ViewController.m */ = {isa = PBXFileReference; lastKnownFileType = sourcecode.c.objc; path = ViewController.m; sourceTree = "<group>"; };
		C7934AB31A9DB19C00201915 /* Base */ = {isa = PBXFileReference; lastKnownFileType = file.storyboard; name = Base; path = Base.lproj/Main.storyboard; sourceTree = "<group>"; };
		C7934AB51A9DB19C00201915 /* Images.xcassets */ = {isa = PBXFileReference; lastKnownFileType = folder.assetcatalog; path = Images.xcassets; sourceTree = "<group>"; };
		C7934AB81A9DB19C00201915 /* Base */ = {isa = PBXFileReference; lastKnownFileType = file.xib; name = Base; path = Base.lproj/LaunchScreen.xib; sourceTree = "<group>"; };
		C7934ABE1A9DB19D00201915 /* SamplerTest2Tests.xctest */ = {isa = PBXFileReference; explicitFileType = wrapper.cfbundle; includeInIndex = 0; path = SamplerTest2Tests.xctest; sourceTree = BUILT_PRODUCTS_DIR; };
		C7934AC31A9DB19D00201915 /* Info.plist */ = {isa = PBXFileReference; lastKnownFileType = text.plist.xml; path = Info.plist; sourceTree = "<group>"; };
		C7934AC41A9DB19D00201915 /* SamplerTest2Tests.m */ = {isa = PBXFileReference; lastKnownFileType = sourcecode.c.objc; path = SamplerTest2Tests.m; sourceTree = "<group>"; };
		C7934ACE1A9DB20900201915 /* PlayViewController.h */ = {isa = PBXFileReference; fileEncoding = 4; lastKnownFileType = sourcecode.c.h; path = PlayViewController.h; sourceTree = "<group>"; };
		C7934ACF1A9DB20900201915 /* PlayViewController.m */ = {isa = PBXFileReference; fileEncoding = 4; lastKnownFileType = sourcecode.c.objc; path = PlayViewController.m; sourceTree = "<group>"; };
		C7934AD11A9DB22500201915 /* EditViewController.h */ = {isa = PBXFileReference; fileEncoding = 4; lastKnownFileType = sourcecode.c.h; path = EditViewController.h; sourceTree = "<group>"; };
		C7934AD21A9DB22500201915 /* EditViewController.m */ = {isa = PBXFileReference; fileEncoding = 4; lastKnownFileType = sourcecode.c.objc; path = EditViewController.m; sourceTree = "<group>"; };
		C7934AD41A9DB23500201915 /* RecViewController.h */ = {isa = PBXFileReference; fileEncoding = 4; lastKnownFileType = sourcecode.c.h; path = RecViewController.h; sourceTree = "<group>"; };
		C7934AD51A9DB23500201915 /* RecViewController.m */ = {isa = PBXFileReference; fileEncoding = 4; lastKnownFileType = sourcecode.c.objc; path = RecViewController.m; sourceTree = "<group>"; };
		C7934AD71A9DB2CF00201915 /* samplerButton.png */ = {isa = PBXFileReference; lastKnownFileType = image.png; path = samplerButton.png; sourceTree = "<group>"; };
		C7934ADA1A9DB2F200201915 /* BJRangeSlider.bundle */ = {isa = PBXFileReference; lastKnownFileType = "wrapper.plug-in"; path = BJRangeSlider.bundle; sourceTree = "<group>"; };
		C7934ADB1A9DB2F200201915 /* BJRangeSliderWithProgress.h */ = {isa = PBXFileReference; fileEncoding = 4; lastKnownFileType = sourcecode.c.h; path = BJRangeSliderWithProgress.h; sourceTree = "<group>"; };
		C7934ADC1A9DB2F200201915 /* BJRangeSliderWithProgress.m */ = {isa = PBXFileReference; fileEncoding = 4; lastKnownFileType = sourcecode.c.objc; path = BJRangeSliderWithProgress.m; sourceTree = "<group>"; };
		C7934AE11A9EE2FA00201915 /* RecStartButton.png */ = {isa = PBXFileReference; lastKnownFileType = image.png; path = RecStartButton.png; sourceTree = "<group>"; };
		C7934AE21A9EE2FA00201915 /* RecStopButton.png */ = {isa = PBXFileReference; lastKnownFileType = image.png; path = RecStopButton.png; sourceTree = "<group>"; };
		C7934B051AA0540500201915 /* CDRTranslucentSideBar.h */ = {isa = PBXFileReference; fileEncoding = 4; lastKnownFileType = sourcecode.c.h; path = CDRTranslucentSideBar.h; sourceTree = "<group>"; };
		C7934B061AA0540500201915 /* CDRTranslucentSideBar.m */ = {isa = PBXFileReference; fileEncoding = 4; lastKnownFileType = sourcecode.c.objc; path = CDRTranslucentSideBar.m; sourceTree = "<group>"; };
		C7934B081AA0540500201915 /* background1.jpg */ = {isa = PBXFileReference; lastKnownFileType = image.jpeg; path = background1.jpg; sourceTree = "<group>"; };
		C7934B091AA0540500201915 /* burger.png */ = {isa = PBXFileReference; lastKnownFileType = image.png; path = burger.png; sourceTree = "<group>"; };
		C7934B0A1AA0540500201915 /* burger@2x.png */ = {isa = PBXFileReference; lastKnownFileType = image.png; path = "burger@2x.png"; sourceTree = "<group>"; };
		C7934B3F1AA12BD100201915 /* PlayButton.png */ = {isa = PBXFileReference; lastKnownFileType = image.png; path = PlayButton.png; sourceTree = "<group>"; };
		C7934B6F1AA39B5B00201915 /* TableRecViewController.h */ = {isa = PBXFileReference; fileEncoding = 4; lastKnownFileType = sourcecode.c.h; path = TableRecViewController.h; sourceTree = "<group>"; };
		C7934B701AA39B5B00201915 /* TableRecViewController.m */ = {isa = PBXFileReference; fileEncoding = 4; lastKnownFileType = sourcecode.c.objc; path = TableRecViewController.m; sourceTree = "<group>"; };
/* End PBXFileReference section */

/* Begin PBXFrameworksBuildPhase section */
		C7934AA21A9DB19C00201915 /* Frameworks */ = {
			isa = PBXFrameworksBuildPhase;
			buildActionMask = 2147483647;
			files = (
			);
			runOnlyForDeploymentPostprocessing = 0;
		};
		C7934ABB1A9DB19D00201915 /* Frameworks */ = {
			isa = PBXFrameworksBuildPhase;
			buildActionMask = 2147483647;
			files = (
			);
			runOnlyForDeploymentPostprocessing = 0;
		};
/* End PBXFrameworksBuildPhase section */

/* Begin PBXGroup section */
		C7934A9C1A9DB19C00201915 = {
			isa = PBXGroup;
			children = (
				C7934AA71A9DB19C00201915 /* SamplerTest2 */,
				C7934AC11A9DB19D00201915 /* SamplerTest2Tests */,
				C7934AA61A9DB19C00201915 /* Products */,
			);
			sourceTree = "<group>";
		};
		C7934AA61A9DB19C00201915 /* Products */ = {
			isa = PBXGroup;
			children = (
				C7934AA51A9DB19C00201915 /* SamplerTest2.app */,
				C7934ABE1A9DB19D00201915 /* SamplerTest2Tests.xctest */,
			);
			name = Products;
			sourceTree = "<group>";
		};
		C7934AA71A9DB19C00201915 /* SamplerTest2 */ = {
			isa = PBXGroup;
			children = (
				C7934AD91A9DB2F200201915 /* BJRangeSliderWithProgress */,
				C7934B041AA0540500201915 /* CDRTranslucentSideBar */,
				C7934B071AA0540500201915 /* Resources */,
				C7934AD71A9DB2CF00201915 /* samplerButton.png */,
				C7934AE11A9EE2FA00201915 /* RecStartButton.png */,
				C7934AE21A9EE2FA00201915 /* RecStopButton.png */,
				C7934B3F1AA12BD100201915 /* PlayButton.png */,
				C7934AAC1A9DB19C00201915 /* AppDelegate.h */,
				C7934AAD1A9DB19C00201915 /* AppDelegate.m */,
				C7934AAF1A9DB19C00201915 /* ViewController.h */,
				C7934AB01A9DB19C00201915 /* ViewController.m */,
				C7934AD41A9DB23500201915 /* RecViewController.h */,
				C7934AD51A9DB23500201915 /* RecViewController.m */,
				C7934ACE1A9DB20900201915 /* PlayViewController.h */,
				C7934ACF1A9DB20900201915 /* PlayViewController.m */,
				C7934AD11A9DB22500201915 /* EditViewController.h */,
				C7934AD21A9DB22500201915 /* EditViewController.m */,
				C7934B6F1AA39B5B00201915 /* TableRecViewController.h */,
				C7934B701AA39B5B00201915 /* TableRecViewController.m */,
				C7934AB51A9DB19C00201915 /* Images.xcassets */,
				C7934AB21A9DB19C00201915 /* Main.storyboard */,
				C7934AB71A9DB19C00201915 /* LaunchScreen.xib */,
				C7934AA81A9DB19C00201915 /* Supporting Files */,
			);
			path = SamplerTest2;
			sourceTree = "<group>";
		};
		C7934AA81A9DB19C00201915 /* Supporting Files */ = {
			isa = PBXGroup;
			children = (
				C7934AA91A9DB19C00201915 /* Info.plist */,
				C7934AAA1A9DB19C00201915 /* main.m */,
			);
			name = "Supporting Files";
			sourceTree = "<group>";
		};
		C7934AC11A9DB19D00201915 /* SamplerTest2Tests */ = {
			isa = PBXGroup;
			children = (
				C7934AC41A9DB19D00201915 /* SamplerTest2Tests.m */,
				C7934AC21A9DB19D00201915 /* Supporting Files */,
			);
			path = SamplerTest2Tests;
			sourceTree = "<group>";
		};
		C7934AC21A9DB19D00201915 /* Supporting Files */ = {
			isa = PBXGroup;
			children = (
				C7934AC31A9DB19D00201915 /* Info.plist */,
			);
			name = "Supporting Files";
			sourceTree = "<group>";
		};
		C7934AD91A9DB2F200201915 /* BJRangeSliderWithProgress */ = {
			isa = PBXGroup;
			children = (
				C7934ADA1A9DB2F200201915 /* BJRangeSlider.bundle */,
				C7934ADB1A9DB2F200201915 /* BJRangeSliderWithProgress.h */,
				C7934ADC1A9DB2F200201915 /* BJRangeSliderWithProgress.m */,
			);
			path = BJRangeSliderWithProgress;
			sourceTree = "<group>";
		};
		C7934B041AA0540500201915 /* CDRTranslucentSideBar */ = {
			isa = PBXGroup;
			children = (
				C7934B051AA0540500201915 /* CDRTranslucentSideBar.h */,
				C7934B061AA0540500201915 /* CDRTranslucentSideBar.m */,
			);
			path = CDRTranslucentSideBar;
			sourceTree = "<group>";
		};
		C7934B071AA0540500201915 /* Resources */ = {
			isa = PBXGroup;
			children = (
				C7934B081AA0540500201915 /* background1.jpg */,
				C7934B091AA0540500201915 /* burger.png */,
				C7934B0A1AA0540500201915 /* burger@2x.png */,
			);
			path = Resources;
			sourceTree = "<group>";
		};
/* End PBXGroup section */

/* Begin PBXNativeTarget section */
		C7934AA41A9DB19C00201915 /* SamplerTest2 */ = {
			isa = PBXNativeTarget;
			buildConfigurationList = C7934AC81A9DB19D00201915 /* Build configuration list for PBXNativeTarget "SamplerTest2" */;
			buildPhases = (
				C7934AA11A9DB19C00201915 /* Sources */,
				C7934AA21A9DB19C00201915 /* Frameworks */,
				C7934AA31A9DB19C00201915 /* Resources */,
			);
			buildRules = (
			);
			dependencies = (
			);
			name = SamplerTest2;
			productName = SamplerTest2;
			productReference = C7934AA51A9DB19C00201915 /* SamplerTest2.app */;
			productType = "com.apple.product-type.application";
		};
		C7934ABD1A9DB19D00201915 /* SamplerTest2Tests */ = {
			isa = PBXNativeTarget;
			buildConfigurationList = C7934ACB1A9DB19D00201915 /* Build configuration list for PBXNativeTarget "SamplerTest2Tests" */;
			buildPhases = (
				C7934ABA1A9DB19D00201915 /* Sources */,
				C7934ABB1A9DB19D00201915 /* Frameworks */,
				C7934ABC1A9DB19D00201915 /* Resources */,
			);
			buildRules = (
			);
			dependencies = (
				C7934AC01A9DB19D00201915 /* PBXTargetDependency */,
			);
			name = SamplerTest2Tests;
			productName = SamplerTest2Tests;
			productReference = C7934ABE1A9DB19D00201915 /* SamplerTest2Tests.xctest */;
			productType = "com.apple.product-type.bundle.unit-test";
		};
/* End PBXNativeTarget section */

/* Begin PBXProject section */
		C7934A9D1A9DB19C00201915 /* Project object */ = {
			isa = PBXProject;
			attributes = {
				LastUpgradeCheck = 0610;
				ORGANIZATIONNAME = kztskawamu;
				TargetAttributes = {
					C7934AA41A9DB19C00201915 = {
						CreatedOnToolsVersion = 6.1.1;
					};
					C7934ABD1A9DB19D00201915 = {
						CreatedOnToolsVersion = 6.1.1;
						TestTargetID = C7934AA41A9DB19C00201915;
					};
				};
			};
			buildConfigurationList = C7934AA01A9DB19C00201915 /* Build configuration list for PBXProject "SamplerTest2" */;
			compatibilityVersion = "Xcode 3.2";
			developmentRegion = English;
			hasScannedForEncodings = 0;
			knownRegions = (
				en,
				Base,
			);
			mainGroup = C7934A9C1A9DB19C00201915;
			productRefGroup = C7934AA61A9DB19C00201915 /* Products */;
			projectDirPath = "";
			projectRoot = "";
			targets = (
				C7934AA41A9DB19C00201915 /* SamplerTest2 */,
				C7934ABD1A9DB19D00201915 /* SamplerTest2Tests */,
			);
		};
/* End PBXProject section */

/* Begin PBXResourcesBuildPhase section */
		C7934AA31A9DB19C00201915 /* Resources */ = {
			isa = PBXResourcesBuildPhase;
			buildActionMask = 2147483647;
			files = (
				C7934ADD1A9DB2F200201915 /* BJRangeSlider.bundle in Resources */,
				C7934B0E1AA0540500201915 /* burger@2x.png in Resources */,
				C7934AD81A9DB2CF00201915 /* samplerButton.png in Resources */,
				C7934B0D1AA0540500201915 /* burger.png in Resources */,
				C7934B401AA12BD100201915 /* PlayButton.png in Resources */,
				C7934AB41A9DB19C00201915 /* Main.storyboard in Resources */,
				C7934AB91A9DB19C00201915 /* LaunchScreen.xib in Resources */,
				C7934AB61A9DB19C00201915 /* Images.xcassets in Resources */,
				C7934AE41A9EE2FA00201915 /* RecStopButton.png in Resources */,
				C7934AE31A9EE2FA00201915 /* RecStartButton.png in Resources */,
				C7934B0C1AA0540500201915 /* background1.jpg in Resources */,
			);
			runOnlyForDeploymentPostprocessing = 0;
		};
		C7934ABC1A9DB19D00201915 /* Resources */ = {
			isa = PBXResourcesBuildPhase;
			buildActionMask = 2147483647;
			files = (
			);
			runOnlyForDeploymentPostprocessing = 0;
		};
/* End PBXResourcesBuildPhase section */

/* Begin PBXSourcesBuildPhase section */
		C7934AA11A9DB19C00201915 /* Sources */ = {
			isa = PBXSourcesBuildPhase;
			buildActionMask = 2147483647;
			files = (
				C7934B711AA39B5B00201915 /* TableRecViewController.m in Sources */,
				C7934B0B1AA0540500201915 /* CDRTranslucentSideBar.m in Sources */,
				C7934AD01A9DB20900201915 /* PlayViewController.m in Sources */,
				C7934AB11A9DB19C00201915 /* ViewController.m in Sources */,
				C7934AAE1A9DB19C00201915 /* AppDelegate.m in Sources */,
				C7934AD61A9DB23500201915 /* RecViewController.m in Sources */,
				C7934ADE1A9DB2F200201915 /* BJRangeSliderWithProgress.m in Sources */,
				C7934AAB1A9DB19C00201915 /* main.m in Sources */,
				C7934AD31A9DB22500201915 /* EditViewController.m in Sources */,
			);
			runOnlyForDeploymentPostprocessing = 0;
		};
		C7934ABA1A9DB19D00201915 /* Sources */ = {
			isa = PBXSourcesBuildPhase;
			buildActionMask = 2147483647;
			files = (
				C7934AC51A9DB19D00201915 /* SamplerTest2Tests.m in Sources */,
			);
			runOnlyForDeploymentPostprocessing = 0;
		};
/* End PBXSourcesBuildPhase section */

/* Begin PBXTargetDependency section */
		C7934AC01A9DB19D00201915 /* PBXTargetDependency */ = {
			isa = PBXTargetDependency;
			target = C7934AA41A9DB19C00201915 /* SamplerTest2 */;
			targetProxy = C7934ABF1A9DB19D00201915 /* PBXContainerItemProxy */;
		};
/* End PBXTargetDependency section */

/* Begin PBXVariantGroup section */
		C7934AB21A9DB19C00201915 /* Main.storyboard */ = {
			isa = PBXVariantGroup;
			children = (
				C7934AB31A9DB19C00201915 /* Base */,
			);
			name = Main.storyboard;
			sourceTree = "<group>";
		};
		C7934AB71A9DB19C00201915 /* LaunchScreen.xib */ = {
			isa = PBXVariantGroup;
			children = (
				C7934AB81A9DB19C00201915 /* Base */,
			);
			name = LaunchScreen.xib;
			sourceTree = "<group>";
		};
/* End PBXVariantGroup section */

/* Begin XCBuildConfiguration section */
		C7934AC61A9DB19D00201915 /* Debug */ = {
			isa = XCBuildConfiguration;
			buildSettings = {
				ALWAYS_SEARCH_USER_PATHS = NO;
				CLANG_CXX_LANGUAGE_STANDARD = "gnu++0x";
				CLANG_CXX_LIBRARY = "libc++";
				CLANG_ENABLE_MODULES = YES;
				CLANG_ENABLE_OBJC_ARC = YES;
				CLANG_WARN_BOOL_CONVERSION = YES;
				CLANG_WARN_CONSTANT_CONVERSION = YES;
				CLANG_WARN_DIRECT_OBJC_ISA_USAGE = YES_ERROR;
				CLANG_WARN_EMPTY_BODY = YES;
				CLANG_WARN_ENUM_CONVERSION = YES;
				CLANG_WARN_INT_CONVERSION = YES;
				CLANG_WARN_OBJC_ROOT_CLASS = YES_ERROR;
				CLANG_WARN_UNREACHABLE_CODE = YES;
				CLANG_WARN__DUPLICATE_METHOD_MATCH = YES;
				"CODE_SIGN_IDENTITY[sdk=iphoneos*]" = "iPhone Developer";
				COPY_PHASE_STRIP = NO;
				ENABLE_STRICT_OBJC_MSGSEND = YES;
				GCC_C_LANGUAGE_STANDARD = gnu99;
				GCC_DYNAMIC_NO_PIC = NO;
				GCC_OPTIMIZATION_LEVEL = 0;
				GCC_PREPROCESSOR_DEFINITIONS = (
					"DEBUG=1",
					"$(inherited)",
				);
				GCC_SYMBOLS_PRIVATE_EXTERN = NO;
				GCC_WARN_64_TO_32_BIT_CONVERSION = YES;
				GCC_WARN_ABOUT_RETURN_TYPE = YES_ERROR;
				GCC_WARN_UNDECLARED_SELECTOR = YES;
				GCC_WARN_UNINITIALIZED_AUTOS = YES_AGGRESSIVE;
				GCC_WARN_UNUSED_FUNCTION = YES;
				GCC_WARN_UNUSED_VARIABLE = YES;
				IPHONEOS_DEPLOYMENT_TARGET = 8.1;
				MTL_ENABLE_DEBUG_INFO = YES;
				ONLY_ACTIVE_ARCH = YES;
				SDKROOT = iphoneos;
			};
			name = Debug;
		};
		C7934AC71A9DB19D00201915 /* Release */ = {
			isa = XCBuildConfiguration;
			buildSettings = {
				ALWAYS_SEARCH_USER_PATHS = NO;
				CLANG_CXX_LANGUAGE_STANDARD = "gnu++0x";
				CLANG_CXX_LIBRARY = "libc++";
				CLANG_ENABLE_MODULES = YES;
				CLANG_ENABLE_OBJC_ARC = YES;
				CLANG_WARN_BOOL_CONVERSION = YES;
				CLANG_WARN_CONSTANT_CONVERSION = YES;
				CLANG_WARN_DIRECT_OBJC_ISA_USAGE = YES_ERROR;
				CLANG_WARN_EMPTY_BODY = YES;
				CLANG_WARN_ENUM_CONVERSION = YES;
				CLANG_WARN_INT_CONVERSION = YES;
				CLANG_WARN_OBJC_ROOT_CLASS = YES_ERROR;
				CLANG_WARN_UNREACHABLE_CODE = YES;
				CLANG_WARN__DUPLICATE_METHOD_MATCH = YES;
				"CODE_SIGN_IDENTITY[sdk=iphoneos*]" = "iPhone Developer";
				COPY_PHASE_STRIP = YES;
				ENABLE_NS_ASSERTIONS = NO;
				ENABLE_STRICT_OBJC_MSGSEND = YES;
				GCC_C_LANGUAGE_STANDARD = gnu99;
				GCC_WARN_64_TO_32_BIT_CONVERSION = YES;
				GCC_WARN_ABOUT_RETURN_TYPE = YES_ERROR;
				GCC_WARN_UNDECLARED_SELECTOR = YES;
				GCC_WARN_UNINITIALIZED_AUTOS = YES_AGGRESSIVE;
				GCC_WARN_UNUSED_FUNCTION = YES;
				GCC_WARN_UNUSED_VARIABLE = YES;
				IPHONEOS_DEPLOYMENT_TARGET = 8.1;
				MTL_ENABLE_DEBUG_INFO = NO;
				SDKROOT = iphoneos;
				VALIDATE_PRODUCT = YES;
			};
			name = Release;
		};
		C7934AC91A9DB19D00201915 /* Debug */ = {
			isa = XCBuildConfiguration;
			buildSettings = {
				ASSETCATALOG_COMPILER_APPICON_NAME = AppIcon;
				INFOPLIST_FILE = SamplerTest2/Info.plist;
				LD_RUNPATH_SEARCH_PATHS = "$(inherited) @executable_path/Frameworks";
				PRODUCT_NAME = "$(TARGET_NAME)";
			};
			name = Debug;
		};
		C7934ACA1A9DB19D00201915 /* Release */ = {
			isa = XCBuildConfiguration;
			buildSettings = {
				ASSETCATALOG_COMPILER_APPICON_NAME = AppIcon;
				INFOPLIST_FILE = SamplerTest2/Info.plist;
				LD_RUNPATH_SEARCH_PATHS = "$(inherited) @executable_path/Frameworks";
				PRODUCT_NAME = "$(TARGET_NAME)";
			};
			name = Release;
		};
		C7934ACC1A9DB19D00201915 /* Debug */ = {
			isa = XCBuildConfiguration;
			buildSettings = {
				BUNDLE_LOADER = "$(TEST_HOST)";
				FRAMEWORK_SEARCH_PATHS = (
					"$(SDKROOT)/Developer/Library/Frameworks",
					"$(inherited)",
				);
				GCC_PREPROCESSOR_DEFINITIONS = (
					"DEBUG=1",
					"$(inherited)",
				);
				INFOPLIST_FILE = SamplerTest2Tests/Info.plist;
				LD_RUNPATH_SEARCH_PATHS = "$(inherited) @executable_path/Frameworks @loader_path/Frameworks";
				PRODUCT_NAME = "$(TARGET_NAME)";
				TEST_HOST = "$(BUILT_PRODUCTS_DIR)/SamplerTest2.app/SamplerTest2";
			};
			name = Debug;
		};
		C7934ACD1A9DB19D00201915 /* Release */ = {
			isa = XCBuildConfiguration;
			buildSettings = {
				BUNDLE_LOADER = "$(TEST_HOST)";
				FRAMEWORK_SEARCH_PATHS = (
					"$(SDKROOT)/Developer/Library/Frameworks",
					"$(inherited)",
				);
				INFOPLIST_FILE = SamplerTest2Tests/Info.plist;
				LD_RUNPATH_SEARCH_PATHS = "$(inherited) @executable_path/Frameworks @loader_path/Frameworks";
				PRODUCT_NAME = "$(TARGET_NAME)";
				TEST_HOST = "$(BUILT_PRODUCTS_DIR)/SamplerTest2.app/SamplerTest2";
			};
			name = Release;
		};
/* End XCBuildConfiguration section */

/* Begin XCConfigurationList section */
		C7934AA01A9DB19C00201915 /* Build configuration list for PBXProject "SamplerTest2" */ = {
			isa = XCConfigurationList;
			buildConfigurations = (
				C7934AC61A9DB19D00201915 /* Debug */,
				C7934AC71A9DB19D00201915 /* Release */,
			);
			defaultConfigurationIsVisible = 0;
			defaultConfigurationName = Release;
		};
		C7934AC81A9DB19D00201915 /* Build configuration list for PBXNativeTarget "SamplerTest2" */ = {
			isa = XCConfigurationList;
			buildConfigurations = (
				C7934AC91A9DB19D00201915 /* Debug */,
				C7934ACA1A9DB19D00201915 /* Release */,
			);
			defaultConfigurationIsVisible = 0;
			defaultConfigurationName = Release;
		};
		C7934ACB1A9DB19D00201915 /* Build configuration list for PBXNativeTarget "SamplerTest2Tests" */ = {
			isa = XCConfigurationList;
			buildConfigurations = (
				C7934ACC1A9DB19D00201915 /* Debug */,
				C7934ACD1A9DB19D00201915 /* Release */,
			);
			defaultConfigurationIsVisible = 0;
			defaultConfigurationName = Release;
		};
/* End XCConfigurationList section */
	};
	rootObject = C7934A9D1A9DB19C00201915 /* Project object */;
}
